
Microsoft Visual Studio Solution File, Format Version 12.00
# Visual Studio Version 16
VisualStudioVersion = 16.0.31025.194
MinimumVisualStudioVersion = 10.0.40219.1
Project("{9A19103F-16F7-4668-BE54-9A1E7A4F7556}") = "Quantium.Hashable", "Quantium.Hashable\Quantium.Hashable.csproj", "{59AE3140-8D40-4522-AFD0-A8968436BC9E}"
EndProject
Project("{9A19103F-16F7-4668-BE54-9A1E7A4F7556}") = "Quantium.Hashable.Interfaces", "Quantium.Hashable.Interfaces\Quantium.Hashable.Interfaces.csproj", "{89509CB4-80A8-4D7E-A17F-E937E7E594B9}"
EndProject
Project("{FAE04EC0-301F-11D3-BF4B-00C04F79EFBC}") = "Quantium.HashableTests", "Quantium.HashableTests\Quantium.HashableTests.csproj", "{0E3A4422-CFDA-4FC9-BD63-2097048FF573}"
EndProject
Global
	GlobalSection(SolutionConfigurationPlatforms) = preSolution
		Debug|Any CPU = Debug|Any CPU
		Release|Any CPU = Release|Any CPU
	EndGlobalSection
	GlobalSection(ProjectConfigurationPlatforms) = postSolution
		{59AE3140-8D40-4522-AFD0-A8968436BC9E}.Debug|Any CPU.ActiveCfg = Debug|Any CPU
		{59AE3140-8D40-4522-AFD0-A8968436BC9E}.Debug|Any CPU.Build.0 = Debug|Any CPU
		{59AE3140-8D40-4522-AFD0-A8968436BC9E}.Release|Any CPU.ActiveCfg = Release|Any CPU
		{59AE3140-8D40-4522-AFD0-A8968436BC9E}.Release|Any CPU.Build.0 = Release|Any CPU
		{89509CB4-80A8-4D7E-A17F-E937E7E594B9}.Debug|Any CPU.ActiveCfg = Debug|Any CPU
		{89509CB4-80A8-4D7E-A17F-E937E7E594B9}.Debug|Any CPU.Build.0 = Debug|Any CPU
		{89509CB4-80A8-4D7E-A17F-E937E7E594B9}.Release|Any CPU.ActiveCfg = Release|Any CPU
		{89509CB4-80A8-4D7E-A17F-E937E7E594B9}.Release|Any CPU.Build.0 = Release|Any CPU
		{0E3A4422-CFDA-4FC9-BD63-2097048FF573}.Debug|Any CPU.ActiveCfg = Debug|Any CPU
		{0E3A4422-CFDA-4FC9-BD63-2097048FF573}.Debug|Any CPU.Build.0 = Debug|Any CPU
		{0E3A4422-CFDA-4FC9-BD63-2097048FF573}.Release|Any CPU.ActiveCfg = Release|Any CPU
		{0E3A4422-CFDA-4FC9-BD63-2097048FF573}.Release|Any CPU.Build.0 = Release|Any CPU
	EndGlobalSection
	GlobalSection(SolutionProperties) = preSolution
		HideSolutionNode = FALSE
	EndGlobalSection
	GlobalSection(ExtensibilityGlobals) = postSolution
		SolutionGuid = {30D2FDCE-A92D-401B-BE0F-4648192EE341}
	EndGlobalSection
EndGlobal
